
Microsoft Visual Studio Solution File, Format Version 12.00
# Visual Studio Version 17
VisualStudioVersion = 17.10.35027.167
MinimumVisualStudioVersion = 10.0.40219.1
Project("{9A19103F-16F7-4668-BE54-9A1E7A4F7556}") = "oto trabaio (task)", "oto trabaio (task).csproj", "{ADF6C078-0E48-49BA-BE9E-93D83BDCAC74}"
EndProject
Global
	GlobalSection(SolutionConfigurationPlatforms) = preSolution
		Debug|Any CPU = Debug|Any CPU
		Release|Any CPU = Release|Any CPU
	EndGlobalSection
	GlobalSection(ProjectConfigurationPlatforms) = postSolution
		{ADF6C078-0E48-49BA-BE9E-93D83BDCAC74}.Debug|Any CPU.ActiveCfg = Debug|Any CPU
		{ADF6C078-0E48-49BA-BE9E-93D83BDCAC74}.Debug|Any CPU.Build.0 = Debug|Any CPU
		{ADF6C078-0E48-49BA-BE9E-93D83BDCAC74}.Release|Any CPU.ActiveCfg = Release|Any CPU
		{ADF6C078-0E48-49BA-BE9E-93D83BDCAC74}.Release|Any CPU.Build.0 = Release|Any CPU
	EndGlobalSection
	GlobalSection(SolutionProperties) = preSolution
		HideSolutionNode = FALSE
	EndGlobalSection
	GlobalSection(ExtensibilityGlobals) = postSolution
		SolutionGuid = {FEB56CC2-9695-4E7D-BBD9-34E18EEB6F91}
	EndGlobalSection
EndGlobal
